{
  "name": "prueba",
  "version": "1.0.0",
  "lockfileVersion": 3,
  "requires": true,
  "packages": {
    "": {
      "name": "prueba",
      "version": "1.0.0",
      "license": "ISC",
      "dependencies": {
        "openai": "^6.6.0"
      }
    },
    "node_modules/openai": {
      "version": "6.6.0",
      "resolved": "https://registry.npmjs.org/openai/-/openai-6.6.0.tgz",
      "integrity": "sha512-1yWk4cBsHF5Bq9TreHYOHY7pbqdlT74COnm8vPx7WKn36StS+Hyk8DdAitnLaw67a5Cudkz5EmlFQjSrNnrA2w==",
      "license": "Apache-2.0",
      "bin": {
        "openai": "bin/cli"
      },
      "peerDependencies": {
        "ws": "^8.18.0",
        "zod": "^3.25 || ^4.0"
      },
      "peerDependenciesMeta": {
        "ws": {
          "optional": true
        },
        "zod": {
          "optional": true
        }
      }
    }
  }
}
